// !$*UTF8*$!
{
	archiveVersion = 1;
	classes = {
	};
	objectVersion = 55;
	objects = {

/* Begin PBXBuildFile section */
		371E055127D1006D00E95E60 /* AppDelegate.swift in Sources */ = {isa = PBXBuildFile; fileRef = 371E055027D1006D00E95E60 /* AppDelegate.swift */; };
		371E055327D1006D00E95E60 /* SceneDelegate.swift in Sources */ = {isa = PBXBuildFile; fileRef = 371E055227D1006D00E95E60 /* SceneDelegate.swift */; };
		371E055527D1006D00E95E60 /* ViewController.swift in Sources */ = {isa = PBXBuildFile; fileRef = 371E055427D1006D00E95E60 /* ViewController.swift */; };
		371E055827D1006D00E95E60 /* Main.storyboard in Resources */ = {isa = PBXBuildFile; fileRef = 371E055627D1006D00E95E60 /* Main.storyboard */; };
		371E055D27D1006E00E95E60 /* Assets.xcassets in Resources */ = {isa = PBXBuildFile; fileRef = 371E055C27D1006E00E95E60 /* Assets.xcassets */; };
		371E056027D1006E00E95E60 /* LaunchScreen.storyboard in Resources */ = {isa = PBXBuildFile; fileRef = 371E055E27D1006E00E95E60 /* LaunchScreen.storyboard */; };
		371E056B27D1006E00E95E60 /* iosDevelopment_Assignment3Tests.swift in Sources */ = {isa = PBXBuildFile; fileRef = 371E056A27D1006E00E95E60 /* iosDevelopment_Assignment3Tests.swift */; };
		371E057527D1006E00E95E60 /* iosDevelopment_Assignment3UITests.swift in Sources */ = {isa = PBXBuildFile; fileRef = 371E057427D1006E00E95E60 /* iosDevelopment_Assignment3UITests.swift */; };
		371E057727D1006E00E95E60 /* iosDevelopment_Assignment3UITestsLaunchTests.swift in Sources */ = {isa = PBXBuildFile; fileRef = 371E057627D1006E00E95E60 /* iosDevelopment_Assignment3UITestsLaunchTests.swift */; };
		371E062E27D100EE00E95E60 /* RegisteredViewController.swift in Sources */ = {isa = PBXBuildFile; fileRef = 371E05CE27D100EE00E95E60 /* RegisteredViewController.swift */; };
		371E063027D100EE00E95E60 /* RegisteredViewController.xib in Resources */ = {isa = PBXBuildFile; fileRef = 371E05D127D100EE00E95E60 /* RegisteredViewController.xib */; };
		371E063127D100EE00E95E60 /* LoginViewController.xib in Resources */ = {isa = PBXBuildFile; fileRef = 371E05D227D100EE00E95E60 /* LoginViewController.xib */; };
		371E063227D100EE00E95E60 /* LoginViewController.swift in Sources */ = {isa = PBXBuildFile; fileRef = 371E05D327D100EE00E95E60 /* LoginViewController.swift */; };
		371E063927D100EE00E95E60 /* BaseViewController.swift in Sources */ = {isa = PBXBuildFile; fileRef = 371E05DF27D100EE00E95E60 /* BaseViewController.swift */; };
		371E063B27D100EE00E95E60 /* UserManager.swift in Sources */ = {isa = PBXBuildFile; fileRef = 371E05E227D100EE00E95E60 /* UserManager.swift */; };
		371E063E27D100EE00E95E60 /* Common.swift in Sources */ = {isa = PBXBuildFile; fileRef = 371E05E627D100EE00E95E60 /* Common.swift */; };
		371E064027D100EE00E95E60 /* Cacheable.swift in Sources */ = {isa = PBXBuildFile; fileRef = 371E05E927D100EE00E95E60 /* Cacheable.swift */; };
		371E064127D100EE00E95E60 /* UIView+Extensions.swift in Sources */ = {isa = PBXBuildFile; fileRef = 371E05EB27D100EE00E95E60 /* UIView+Extensions.swift */; };
		371E064227D100EE00E95E60 /* UIColor+RGBColor.swift in Sources */ = {isa = PBXBuildFile; fileRef = 371E05EC27D100EE00E95E60 /* UIColor+RGBColor.swift */; };
		371E064727D100EE00E95E60 /* SPFileManager.swift in Sources */ = {isa = PBXBuildFile; fileRef = 371E05F127D100EE00E95E60 /* SPFileManager.swift */; };
		371E064C27D100EE00E95E60 /* FXNavController.swift in Sources */ = {isa = PBXBuildFile; fileRef = 371E05F927D100EE00E95E60 /* FXNavController.swift */; };
		371E064E27D1010100E95E60 /* FXTabBarController.swift in Sources */ = {isa = PBXBuildFile; fileRef = 371E064D27D1010100E95E60 /* FXTabBarController.swift */; };
		37338BD3282A0C3900BD4255 /* MineViewController.swift in Sources */ = {isa = PBXBuildFile; fileRef = 37338BD1282A0C3900BD4255 /* MineViewController.swift */; };
		37338BD4282A0C3900BD4255 /* MineViewController.xib in Resources */ = {isa = PBXBuildFile; fileRef = 37338BD2282A0C3900BD4255 /* MineViewController.xib */; };
		37338BDC282A0D7000BD4255 /* BookingOrderViewController.swift in Sources */ = {isa = PBXBuildFile; fileRef = 37338BDA282A0D7000BD4255 /* BookingOrderViewController.swift */; };
		37338BDD282A0D7000BD4255 /* BookingOrderViewController.xib in Resources */ = {isa = PBXBuildFile; fileRef = 37338BDB282A0D7000BD4255 /* BookingOrderViewController.xib */; };
		37338BE0282A0DEF00BD4255 /* HomeViewController.swift in Sources */ = {isa = PBXBuildFile; fileRef = 37338BDE282A0DEF00BD4255 /* HomeViewController.swift */; };
		37338BE1282A0DEF00BD4255 /* HomeViewController.xib in Resources */ = {isa = PBXBuildFile; fileRef = 37338BDF282A0DEF00BD4255 /* HomeViewController.xib */; };
/* End PBXBuildFile section */

/* Begin PBXContainerItemProxy section */
		371E056727D1006E00E95E60 /* PBXContainerItemProxy */ = {
			isa = PBXContainerItemProxy;
			containerPortal = 371E054527D1006D00E95E60 /* Project object */;
			proxyType = 1;
			remoteGlobalIDString = 371E054C27D1006D00E95E60;
			remoteInfo = iosDevelopment_Assignment3;
		};
		371E057127D1006E00E95E60 /* PBXContainerItemProxy */ = {
			isa = PBXContainerItemProxy;
			containerPortal = 371E054527D1006D00E95E60 /* Project object */;
			proxyType = 1;
			remoteGlobalIDString = 371E054C27D1006D00E95E60;
			remoteInfo = iosDevelopment_Assignment3;
		};
/* End PBXContainerItemProxy section */

/* Begin PBXFileReference section */
		371E054D27D1006D00E95E60 /* iosDevelopment_Assignment3.app */ = {isa = PBXFileReference; explicitFileType = wrapper.application; includeInIndex = 0; path = iosDevelopment_Assignment3.app; sourceTree = BUILT_PRODUCTS_DIR; };
		371E055027D1006D00E95E60 /* AppDelegate.swift */ = {isa = PBXFileReference; lastKnownFileType = sourcecode.swift; path = AppDelegate.swift; sourceTree = "<group>"; };
		371E055227D1006D00E95E60 /* SceneDelegate.swift */ = {isa = PBXFileReference; lastKnownFileType = sourcecode.swift; path = SceneDelegate.swift; sourceTree = "<group>"; };
		371E055427D1006D00E95E60 /* ViewController.swift */ = {isa = PBXFileReference; lastKnownFileType = sourcecode.swift; path = ViewController.swift; sourceTree = "<group>"; };
		371E055727D1006D00E95E60 /* Base */ = {isa = PBXFileReference; lastKnownFileType = file.storyboard; name = Base; path = Base.lproj/Main.storyboard; sourceTree = "<group>"; };
		371E055C27D1006E00E95E60 /* Assets.xcassets */ = {isa = PBXFileReference; lastKnownFileType = folder.assetcatalog; path = Assets.xcassets; sourceTree = "<group>"; };
		371E055F27D1006E00E95E60 /* Base */ = {isa = PBXFileReference; lastKnownFileType = file.storyboard; name = Base; path = Base.lproj/LaunchScreen.storyboard; sourceTree = "<group>"; };
		371E056127D1006E00E95E60 /* Info.plist */ = {isa = PBXFileReference; lastKnownFileType = text.plist.xml; path = Info.plist; sourceTree = "<group>"; };
		371E056627D1006E00E95E60 /* iosDevelopment_Assignment3Tests.xctest */ = {isa = PBXFileReference; explicitFileType = wrapper.cfbundle; includeInIndex = 0; path = iosDevelopment_Assignment3Tests.xctest; sourceTree = BUILT_PRODUCTS_DIR; };
		371E056A27D1006E00E95E60 /* iosDevelopment_Assignment3Tests.swift */ = {isa = PBXFileReference; lastKnownFileType = sourcecode.swift; path = iosDevelopment_Assignment3Tests.swift; sourceTree = "<group>"; };
		371E057027D1006E00E95E60 /* iosDevelopment_Assignment3UITests.xctest */ = {isa = PBXFileReference; explicitFileType = wrapper.cfbundle; includeInIndex = 0; path = iosDevelopment_Assignment3UITests.xctest; sourceTree = BUILT_PRODUCTS_DIR; };
		371E057427D1006E00E95E60 /* iosDevelopment_Assignment3UITests.swift */ = {isa = PBXFileReference; lastKnownFileType = sourcecode.swift; path = iosDevelopment_Assignment3UITests.swift; sourceTree = "<group>"; };
		371E057627D1006E00E95E60 /* iosDevelopment_Assignment3UITestsLaunchTests.swift */ = {isa = PBXFileReference; lastKnownFileType = sourcecode.swift; path = iosDevelopment_Assignment3UITestsLaunchTests.swift; sourceTree = "<group>"; };
		371E05CE27D100EE00E95E60 /* RegisteredViewController.swift */ = {isa = PBXFileReference; fileEncoding = 4; lastKnownFileType = sourcecode.swift; path = RegisteredViewController.swift; sourceTree = "<group>"; };
		371E05D127D100EE00E95E60 /* RegisteredViewController.xib */ = {isa = PBXFileReference; fileEncoding = 4; lastKnownFileType = file.xib; path = RegisteredViewController.xib; sourceTree = "<group>"; };
		371E05D227D100EE00E95E60 /* LoginViewController.xib */ = {isa = PBXFileReference; fileEncoding = 4; lastKnownFileType = file.xib; path = LoginViewController.xib; sourceTree = "<group>"; };
		371E05D327D100EE00E95E60 /* LoginViewController.swift */ = {isa = PBXFileReference; fileEncoding = 4; lastKnownFileType = sourcecode.swift; path = LoginViewController.swift; sourceTree = "<group>"; };
		371E05DF27D100EE00E95E60 /* BaseViewController.swift */ = {isa = PBXFileReference; fileEncoding = 4; lastKnownFileType = sourcecode.swift; path = BaseViewController.swift; sourceTree = "<group>"; };
		371E05E227D100EE00E95E60 /* UserManager.swift */ = {isa = PBXFileReference; fileEncoding = 4; lastKnownFileType = sourcecode.swift; path = UserManager.swift; sourceTree = "<group>"; };
		371E05E627D100EE00E95E60 /* Common.swift */ = {isa = PBXFileReference; fileEncoding = 4; lastKnownFileType = sourcecode.swift; path = Common.swift; sourceTree = "<group>"; };
		371E05E927D100EE00E95E60 /* Cacheable.swift */ = {isa = PBXFileReference; fileEncoding = 4; lastKnownFileType = sourcecode.swift; path = Cacheable.swift; sourceTree = "<group>"; };
		371E05EB27D100EE00E95E60 /* UIView+Extensions.swift */ = {isa = PBXFileReference; fileEncoding = 4; lastKnownFileType = sourcecode.swift; path = "UIView+Extensions.swift"; sourceTree = "<group>"; };
		371E05EC27D100EE00E95E60 /* UIColor+RGBColor.swift */ = {isa = PBXFileReference; fileEncoding = 4; lastKnownFileType = sourcecode.swift; path = "UIColor+RGBColor.swift"; sourceTree = "<group>"; };
		371E05F127D100EE00E95E60 /* SPFileManager.swift */ = {isa = PBXFileReference; fileEncoding = 4; lastKnownFileType = sourcecode.swift; path = SPFileManager.swift; sourceTree = "<group>"; };
		371E05F927D100EE00E95E60 /* FXNavController.swift */ = {isa = PBXFileReference; fileEncoding = 4; lastKnownFileType = sourcecode.swift; path = FXNavController.swift; sourceTree = "<group>"; };
		371E064D27D1010100E95E60 /* FXTabBarController.swift */ = {isa = PBXFileReference; fileEncoding = 4; lastKnownFileType = sourcecode.swift; path = FXTabBarController.swift; sourceTree = "<group>"; };
		37338BD1282A0C3900BD4255 /* MineViewController.swift */ = {isa = PBXFileReference; lastKnownFileType = sourcecode.swift; path = MineViewController.swift; sourceTree = "<group>"; };
		37338BD2282A0C3900BD4255 /* MineViewController.xib */ = {isa = PBXFileReference; lastKnownFileType = file.xib; path = MineViewController.xib; sourceTree = "<group>"; };
		37338BDA282A0D7000BD4255 /* BookingOrderViewController.swift */ = {isa = PBXFileReference; fileEncoding = 4; lastKnownFileType = sourcecode.swift; path = BookingOrderViewController.swift; sourceTree = "<group>"; };
		37338BDB282A0D7000BD4255 /* BookingOrderViewController.xib */ = {isa = PBXFileReference; fileEncoding = 4; lastKnownFileType = file.xib; path = BookingOrderViewController.xib; sourceTree = "<group>"; };
		37338BDE282A0DEF00BD4255 /* HomeViewController.swift */ = {isa = PBXFileReference; lastKnownFileType = sourcecode.swift; path = HomeViewController.swift; sourceTree = "<group>"; };
		37338BDF282A0DEF00BD4255 /* HomeViewController.xib */ = {isa = PBXFileReference; lastKnownFileType = file.xib; path = HomeViewController.xib; sourceTree = "<group>"; };
/* End PBXFileReference section */

/* Begin PBXFrameworksBuildPhase section */
		371E054A27D1006D00E95E60 /* Frameworks */ = {
			isa = PBXFrameworksBuildPhase;
			buildActionMask = 2147483647;
			files = (
			);
			runOnlyForDeploymentPostprocessing = 0;
		};
		371E056327D1006E00E95E60 /* Frameworks */ = {
			isa = PBXFrameworksBuildPhase;
			buildActionMask = 2147483647;
			files = (
			);
			runOnlyForDeploymentPostprocessing = 0;
		};
		371E056D27D1006E00E95E60 /* Frameworks */ = {
			isa = PBXFrameworksBuildPhase;
			buildActionMask = 2147483647;
			files = (
			);
			runOnlyForDeploymentPostprocessing = 0;
		};
/* End PBXFrameworksBuildPhase section */

/* Begin PBXGroup section */
		371E054427D1006D00E95E60 = {
			isa = PBXGroup;
			children = (
				371E054F27D1006D00E95E60 /* iosDevelopment_Assignment3 */,
				371E056927D1006E00E95E60 /* iosDevelopment_Assignment3Tests */,
				371E057327D1006E00E95E60 /* iosDevelopment_Assignment3UITests */,
				371E054E27D1006D00E95E60 /* Products */,
			);
			sourceTree = "<group>";
		};
		371E054E27D1006D00E95E60 /* Products */ = {
			isa = PBXGroup;
			children = (
				371E054D27D1006D00E95E60 /* iosDevelopment_Assignment3.app */,
				371E056627D1006E00E95E60 /* iosDevelopment_Assignment3Tests.xctest */,
				371E057027D1006E00E95E60 /* iosDevelopment_Assignment3UITests.xctest */,
			);
			name = Products;
			sourceTree = "<group>";
		};
		371E054F27D1006D00E95E60 /* iosDevelopment_Assignment3 */ = {
			isa = PBXGroup;
			children = (
				371E055027D1006D00E95E60 /* AppDelegate.swift */,
				371E055227D1006D00E95E60 /* SceneDelegate.swift */,
				371E055427D1006D00E95E60 /* ViewController.swift */,
				371E064D27D1010100E95E60 /* FXTabBarController.swift */,
				371E05DD27D100EE00E95E60 /* Common */,
				371E05CD27D100EE00E95E60 /* Login */,
				371E059227D100ED00E95E60 /* Home */,
				37338BD9282A0D7000BD4255 /* BookingOrder */,
				371E058327D100ED00E95E60 /* Mine */,
				371E055627D1006D00E95E60 /* Main.storyboard */,
				371E055C27D1006E00E95E60 /* Assets.xcassets */,
				371E055E27D1006E00E95E60 /* LaunchScreen.storyboard */,
				371E056127D1006E00E95E60 /* Info.plist */,
			);
			path = iosDevelopment_Assignment3;
			sourceTree = "<group>";
		};
		371E056927D1006E00E95E60 /* iosDevelopment_Assignment3Tests */ = {
			isa = PBXGroup;
			children = (
				371E056A27D1006E00E95E60 /* iosDevelopment_Assignment3Tests.swift */,
			);
			path = iosDevelopment_Assignment3Tests;
			sourceTree = "<group>";
		};
		371E057327D1006E00E95E60 /* iosDevelopment_Assignment3UITests */ = {
			isa = PBXGroup;
			children = (
				371E057427D1006E00E95E60 /* iosDevelopment_Assignment3UITests.swift */,
				371E057627D1006E00E95E60 /* iosDevelopment_Assignment3UITestsLaunchTests.swift */,
			);
			path = iosDevelopment_Assignment3UITests;
			sourceTree = "<group>";
		};
		371E058327D100ED00E95E60 /* Mine */ = {
			isa = PBXGroup;
			children = (
				37338BD1282A0C3900BD4255 /* MineViewController.swift */,
				37338BD2282A0C3900BD4255 /* MineViewController.xib */,
			);
			path = Mine;
			sourceTree = "<group>";
		};
		371E059227D100ED00E95E60 /* Home */ = {
			isa = PBXGroup;
			children = (
				37338BDE282A0DEF00BD4255 /* HomeViewController.swift */,
				37338BDF282A0DEF00BD4255 /* HomeViewController.xib */,
			);
			path = Home;
			sourceTree = "<group>";
		};
		371E05CD27D100EE00E95E60 /* Login */ = {
			isa = PBXGroup;
			children = (
				371E05D327D100EE00E95E60 /* LoginViewController.swift */,
				371E05D227D100EE00E95E60 /* LoginViewController.xib */,
				371E05CE27D100EE00E95E60 /* RegisteredViewController.swift */,
				371E05D127D100EE00E95E60 /* RegisteredViewController.xib */,
			);
			path = Login;
			sourceTree = "<group>";
		};
		371E05DD27D100EE00E95E60 /* Common */ = {
			isa = PBXGroup;
			children = (
				371E05DF27D100EE00E95E60 /* BaseViewController.swift */,
				371E05E127D100EE00E95E60 /* Managers */,
				371E05E627D100EE00E95E60 /* Common.swift */,
				371E05E727D100EE00E95E60 /* Protocol */,
				371E05EA27D100EE00E95E60 /* Extensions */,
				371E05F127D100EE00E95E60 /* SPFileManager.swift */,
				371E05F927D100EE00E95E60 /* FXNavController.swift */,
			);
			path = Common;
			sourceTree = "<group>";
		};
		371E05E127D100EE00E95E60 /* Managers */ = {
			isa = PBXGroup;
			children = (
				371E05E227D100EE00E95E60 /* UserManager.swift */,
			);
			path = Managers;
			sourceTree = "<group>";
		};
		371E05E727D100EE00E95E60 /* Protocol */ = {
			isa = PBXGroup;
			children = (
				371E05E927D100EE00E95E60 /* Cacheable.swift */,
			);
			path = Protocol;
			sourceTree = "<group>";
		};
		371E05EA27D100EE00E95E60 /* Extensions */ = {
			isa = PBXGroup;
			children = (
				371E05EB27D100EE00E95E60 /* UIView+Extensions.swift */,
				371E05EC27D100EE00E95E60 /* UIColor+RGBColor.swift */,
			);
			path = Extensions;
			sourceTree = "<group>";
		};
		37338BD9282A0D7000BD4255 /* BookingOrder */ = {
			isa = PBXGroup;
			children = (
				37338BDA282A0D7000BD4255 /* BookingOrderViewController.swift */,
				37338BDB282A0D7000BD4255 /* BookingOrderViewController.xib */,
			);
			path = BookingOrder;
			sourceTree = "<group>";
		};
/* End PBXGroup section */

/* Begin PBXNativeTarget section */
		371E054C27D1006D00E95E60 /* iosDevelopment_Assignment3 */ = {
			isa = PBXNativeTarget;
			buildConfigurationList = 371E057A27D1006E00E95E60 /* Build configuration list for PBXNativeTarget "iosDevelopment_Assignment3" */;
			buildPhases = (
				371E054927D1006D00E95E60 /* Sources */,
				371E054A27D1006D00E95E60 /* Frameworks */,
				371E054B27D1006D00E95E60 /* Resources */,
			);
			buildRules = (
			);
			dependencies = (
			);
			name = iosDevelopment_Assignment3;
			productName = iosDevelopment_Assignment3;
			productReference = 371E054D27D1006D00E95E60 /* iosDevelopment_Assignment3.app */;
			productType = "com.apple.product-type.application";
		};
		371E056527D1006E00E95E60 /* iosDevelopment_Assignment3Tests */ = {
			isa = PBXNativeTarget;
			buildConfigurationList = 371E057D27D1006E00E95E60 /* Build configuration list for PBXNativeTarget "iosDevelopment_Assignment3Tests" */;
			buildPhases = (
				371E056227D1006E00E95E60 /* Sources */,
				371E056327D1006E00E95E60 /* Frameworks */,
				371E056427D1006E00E95E60 /* Resources */,
			);
			buildRules = (
			);
			dependencies = (
				371E056827D1006E00E95E60 /* PBXTargetDependency */,
			);
			name = iosDevelopment_Assignment3Tests;
			productName = iosDevelopment_Assignment3Tests;
			productReference = 371E056627D1006E00E95E60 /* iosDevelopment_Assignment3Tests.xctest */;
			productType = "com.apple.product-type.bundle.unit-test";
		};
		371E056F27D1006E00E95E60 /* iosDevelopment_Assignment3UITests */ = {
			isa = PBXNativeTarget;
			buildConfigurationList = 371E058027D1006E00E95E60 /* Build configuration list for PBXNativeTarget "iosDevelopment_Assignment3UITests" */;
			buildPhases = (
				371E056C27D1006E00E95E60 /* Sources */,
				371E056D27D1006E00E95E60 /* Frameworks */,
				371E056E27D1006E00E95E60 /* Resources */,
			);
			buildRules = (
			);
			dependencies = (
				371E057227D1006E00E95E60 /* PBXTargetDependency */,
			);
			name = iosDevelopment_Assignment3UITests;
			productName = iosDevelopment_Assignment3UITests;
			productReference = 371E057027D1006E00E95E60 /* iosDevelopment_Assignment3UITests.xctest */;
			productType = "com.apple.product-type.bundle.ui-testing";
		};
/* End PBXNativeTarget section */

/* Begin PBXProject section */
		371E054527D1006D00E95E60 /* Project object */ = {
			isa = PBXProject;
			attributes = {
				BuildIndependentTargetsInParallel = 1;
				LastSwiftUpdateCheck = 1320;
				LastUpgradeCheck = 1320;
				TargetAttributes = {
					371E054C27D1006D00E95E60 = {
						CreatedOnToolsVersion = 13.2;
					};
					371E056527D1006E00E95E60 = {
						CreatedOnToolsVersion = 13.2;
						TestTargetID = 371E054C27D1006D00E95E60;
					};
					371E056F27D1006E00E95E60 = {
						CreatedOnToolsVersion = 13.2;
						TestTargetID = 371E054C27D1006D00E95E60;
					};
				};
			};
			buildConfigurationList = 371E054827D1006D00E95E60 /* Build configuration list for PBXProject "iosDevelopment_Assignment3" */;
			compatibilityVersion = "Xcode 13.0";
			developmentRegion = en;
			hasScannedForEncodings = 0;
			knownRegions = (
				en,
				Base,
			);
			mainGroup = 371E054427D1006D00E95E60;
			productRefGroup = 371E054E27D1006D00E95E60 /* Products */;
			projectDirPath = "";
			projectRoot = "";
			targets = (
				371E054C27D1006D00E95E60 /* iosDevelopment_Assignment3 */,
				371E056527D1006E00E95E60 /* iosDevelopment_Assignment3Tests */,
				371E056F27D1006E00E95E60 /* iosDevelopment_Assignment3UITests */,
			);
		};
/* End PBXProject section */

/* Begin PBXResourcesBuildPhase section */
		371E054B27D1006D00E95E60 /* Resources */ = {
			isa = PBXResourcesBuildPhase;
			buildActionMask = 2147483647;
			files = (
				371E056027D1006E00E95E60 /* LaunchScreen.storyboard in Resources */,
				37338BD4282A0C3900BD4255 /* MineViewController.xib in Resources */,
				371E055D27D1006E00E95E60 /* Assets.xcassets in Resources */,
				371E055827D1006D00E95E60 /* Main.storyboard in Resources */,
				371E063027D100EE00E95E60 /* RegisteredViewController.xib in Resources */,
				371E063127D100EE00E95E60 /* LoginViewController.xib in Resources */,
				37338BDD282A0D7000BD4255 /* BookingOrderViewController.xib in Resources */,
				37338BE1282A0DEF00BD4255 /* HomeViewController.xib in Resources */,
			);
			runOnlyForDeploymentPostprocessing = 0;
		};
		371E056427D1006E00E95E60 /* Resources */ = {
			isa = PBXResourcesBuildPhase;
			buildActionMask = 2147483647;
			files = (
			);
			runOnlyForDeploymentPostprocessing = 0;
		};
		371E056E27D1006E00E95E60 /* Resources */ = {
			isa = PBXResourcesBuildPhase;
			buildActionMask = 2147483647;
			files = (
			);
			runOnlyForDeploymentPostprocessing = 0;
		};
/* End PBXResourcesBuildPhase section */

/* Begin PBXSourcesBuildPhase section */
		371E054927D1006D00E95E60 /* Sources */ = {
			isa = PBXSourcesBuildPhase;
			buildActionMask = 2147483647;
			files = (
				371E064027D100EE00E95E60 /* Cacheable.swift in Sources */,
				37338BDC282A0D7000BD4255 /* BookingOrderViewController.swift in Sources */,
				37338BE0282A0DEF00BD4255 /* HomeViewController.swift in Sources */,
				371E055527D1006D00E95E60 /* ViewController.swift in Sources */,
				371E064227D100EE00E95E60 /* UIColor+RGBColor.swift in Sources */,
				371E064127D100EE00E95E60 /* UIView+Extensions.swift in Sources */,
				371E063B27D100EE00E95E60 /* UserManager.swift in Sources */,
				371E055127D1006D00E95E60 /* AppDelegate.swift in Sources */,
				371E062E27D100EE00E95E60 /* RegisteredViewController.swift in Sources */,
				371E063E27D100EE00E95E60 /* Common.swift in Sources */,
				371E055327D1006D00E95E60 /* SceneDelegate.swift in Sources */,
				371E063927D100EE00E95E60 /* BaseViewController.swift in Sources */,
				37338BD3282A0C3900BD4255 /* MineViewController.swift in Sources */,
				371E063227D100EE00E95E60 /* LoginViewController.swift in Sources */,
				371E064727D100EE00E95E60 /* SPFileManager.swift in Sources */,
				371E064E27D1010100E95E60 /* FXTabBarController.swift in Sources */,
				371E064C27D100EE00E95E60 /* FXNavController.swift in Sources */,
			);
			runOnlyForDeploymentPostprocessing = 0;
		};
		371E056227D1006E00E95E60 /* Sources */ = {
			isa = PBXSourcesBuildPhase;
			buildActionMask = 2147483647;
			files = (
				371E056B27D1006E00E95E60 /* iosDevelopment_Assignment3Tests.swift in Sources */,
			);
			runOnlyForDeploymentPostprocessing = 0;
		};
		371E056C27D1006E00E95E60 /* Sources */ = {
			isa = PBXSourcesBuildPhase;
			buildActionMask = 2147483647;
			files = (
				371E057727D1006E00E95E60 /* iosDevelopment_Assignment3UITestsLaunchTests.swift in Sources */,
				371E057527D1006E00E95E60 /* iosDevelopment_Assignment3UITests.swift in Sources */,
			);
			runOnlyForDeploymentPostprocessing = 0;
		};
/* End PBXSourcesBuildPhase section */

/* Begin PBXTargetDependency section */
		371E056827D1006E00E95E60 /* PBXTargetDependency */ = {
			isa = PBXTargetDependency;
			target = 371E054C27D1006D00E95E60 /* iosDevelopment_Assignment3 */;
			targetProxy = 371E056727D1006E00E95E60 /* PBXContainerItemProxy */;
		};
		371E057227D1006E00E95E60 /* PBXTargetDependency */ = {
			isa = PBXTargetDependency;
			target = 371E054C27D1006D00E95E60 /* iosDevelopment_Assignment3 */;
			targetProxy = 371E057127D1006E00E95E60 /* PBXContainerItemProxy */;
		};
/* End PBXTargetDependency section */

/* Begin PBXVariantGroup section */
		371E055627D1006D00E95E60 /* Main.storyboard */ = {
			isa = PBXVariantGroup;
			children = (
				371E055727D1006D00E95E60 /* Base */,
			);
			name = Main.storyboard;
			sourceTree = "<group>";
		};
		371E055E27D1006E00E95E60 /* LaunchScreen.storyboard */ = {
			isa = PBXVariantGroup;
			children = (
				371E055F27D1006E00E95E60 /* Base */,
			);
			name = LaunchScreen.storyboard;
			sourceTree = "<group>";
		};
/* End PBXVariantGroup section */

/* Begin XCBuildConfiguration section */
		371E057827D1006E00E95E60 /* Debug */ = {
			isa = XCBuildConfiguration;
			buildSettings = {
				ALWAYS_SEARCH_USER_PATHS = NO;
				CLANG_ANALYZER_NONNULL = YES;
				CLANG_ANALYZER_NUMBER_OBJECT_CONVERSION = YES_AGGRESSIVE;
				CLANG_CXX_LANGUAGE_STANDARD = "gnu++17";
				CLANG_CXX_LIBRARY = "libc++";
				CLANG_ENABLE_MODULES = YES;
				CLANG_ENABLE_OBJC_ARC = YES;
				CLANG_ENABLE_OBJC_WEAK = YES;
				CLANG_WARN_BLOCK_CAPTURE_AUTORELEASING = YES;
				CLANG_WARN_BOOL_CONVERSION = YES;
				CLANG_WARN_COMMA = YES;
				CLANG_WARN_CONSTANT_CONVERSION = YES;
				CLANG_WARN_DEPRECATED_OBJC_IMPLEMENTATIONS = YES;
				CLANG_WARN_DIRECT_OBJC_ISA_USAGE = YES_ERROR;
				CLANG_WARN_DOCUMENTATION_COMMENTS = YES;
				CLANG_WARN_EMPTY_BODY = YES;
				CLANG_WARN_ENUM_CONVERSION = YES;
				CLANG_WARN_INFINITE_RECURSION = YES;
				CLANG_WARN_INT_CONVERSION = YES;
				CLANG_WARN_NON_LITERAL_NULL_CONVERSION = YES;
				CLANG_WARN_OBJC_IMPLICIT_RETAIN_SELF = YES;
				CLANG_WARN_OBJC_LITERAL_CONVERSION = YES;
				CLANG_WARN_OBJC_ROOT_CLASS = YES_ERROR;
				CLANG_WARN_QUOTED_INCLUDE_IN_FRAMEWORK_HEADER = YES;
				CLANG_WARN_RANGE_LOOP_ANALYSIS = YES;
				CLANG_WARN_STRICT_PROTOTYPES = YES;
				CLANG_WARN_SUSPICIOUS_MOVE = YES;
				CLANG_WARN_UNGUARDED_AVAILABILITY = YES_AGGRESSIVE;
				CLANG_WARN_UNREACHABLE_CODE = YES;
				CLANG_WARN__DUPLICATE_METHOD_MATCH = YES;
				COPY_PHASE_STRIP = NO;
				DEBUG_INFORMATION_FORMAT = dwarf;
				ENABLE_STRICT_OBJC_MSGSEND = YES;
				ENABLE_TESTABILITY = YES;
				GCC_C_LANGUAGE_STANDARD = gnu11;
				GCC_DYNAMIC_NO_PIC = NO;
				GCC_NO_COMMON_BLOCKS = YES;
				GCC_OPTIMIZATION_LEVEL = 0;
				GCC_PREPROCESSOR_DEFINITIONS = (
					"DEBUG=1",
					"$(inherited)",
				);
				GCC_WARN_64_TO_32_BIT_CONVERSION = YES;
				GCC_WARN_ABOUT_RETURN_TYPE = YES_ERROR;
				GCC_WARN_UNDECLARED_SELECTOR = YES;
				GCC_WARN_UNINITIALIZED_AUTOS = YES_AGGRESSIVE;
				GCC_WARN_UNUSED_FUNCTION = YES;
				GCC_WARN_UNUSED_VARIABLE = YES;
				IPHONEOS_DEPLOYMENT_TARGET = 15.2;
				MTL_ENABLE_DEBUG_INFO = INCLUDE_SOURCE;
				MTL_FAST_MATH = YES;
				ONLY_ACTIVE_ARCH = YES;
				SDKROOT = iphoneos;
				SWIFT_ACTIVE_COMPILATION_CONDITIONS = DEBUG;
				SWIFT_OPTIMIZATION_LEVEL = "-Onone";
			};
			name = Debug;
		};
		371E057927D1006E00E95E60 /* Release */ = {
			isa = XCBuildConfiguration;
			buildSettings = {
				ALWAYS_SEARCH_USER_PATHS = NO;
				CLANG_ANALYZER_NONNULL = YES;
				CLANG_ANALYZER_NUMBER_OBJECT_CONVERSION = YES_AGGRESSIVE;
				CLANG_CXX_LANGUAGE_STANDARD = "gnu++17";
				CLANG_CXX_LIBRARY = "libc++";
				CLANG_ENABLE_MODULES = YES;
				CLANG_ENABLE_OBJC_ARC = YES;
				CLANG_ENABLE_OBJC_WEAK = YES;
				CLANG_WARN_BLOCK_CAPTURE_AUTORELEASING = YES;
				CLANG_WARN_BOOL_CONVERSION = YES;
				CLANG_WARN_COMMA = YES;
				CLANG_WARN_CONSTANT_CONVERSION = YES;
				CLANG_WARN_DEPRECATED_OBJC_IMPLEMENTATIONS = YES;
				CLANG_WARN_DIRECT_OBJC_ISA_USAGE = YES_ERROR;
				CLANG_WARN_DOCUMENTATION_COMMENTS = YES;
				CLANG_WARN_EMPTY_BODY = YES;
				CLANG_WARN_ENUM_CONVERSION = YES;
				CLANG_WARN_INFINITE_RECURSION = YES;
				CLANG_WARN_INT_CONVERSION = YES;
				CLANG_WARN_NON_LITERAL_NULL_CONVERSION = YES;
				CLANG_WARN_OBJC_IMPLICIT_RETAIN_SELF = YES;
				CLANG_WARN_OBJC_LITERAL_CONVERSION = YES;
				CLANG_WARN_OBJC_ROOT_CLASS = YES_ERROR;
				CLANG_WARN_QUOTED_INCLUDE_IN_FRAMEWORK_HEADER = YES;
				CLANG_WARN_RANGE_LOOP_ANALYSIS = YES;
				CLANG_WARN_STRICT_PROTOTYPES = YES;
				CLANG_WARN_SUSPICIOUS_MOVE = YES;
				CLANG_WARN_UNGUARDED_AVAILABILITY = YES_AGGRESSIVE;
				CLANG_WARN_UNREACHABLE_CODE = YES;
				CLANG_WARN__DUPLICATE_METHOD_MATCH = YES;
				COPY_PHASE_STRIP = NO;
				DEBUG_INFORMATION_FORMAT = "dwarf-with-dsym";
				ENABLE_NS_ASSERTIONS = NO;
				ENABLE_STRICT_OBJC_MSGSEND = YES;
				GCC_C_LANGUAGE_STANDARD = gnu11;
				GCC_NO_COMMON_BLOCKS = YES;
				GCC_WARN_64_TO_32_BIT_CONVERSION = YES;
				GCC_WARN_ABOUT_RETURN_TYPE = YES_ERROR;
				GCC_WARN_UNDECLARED_SELECTOR = YES;
				GCC_WARN_UNINITIALIZED_AUTOS = YES_AGGRESSIVE;
				GCC_WARN_UNUSED_FUNCTION = YES;
				GCC_WARN_UNUSED_VARIABLE = YES;
				IPHONEOS_DEPLOYMENT_TARGET = 15.2;
				MTL_ENABLE_DEBUG_INFO = NO;
				MTL_FAST_MATH = YES;
				SDKROOT = iphoneos;
				SWIFT_COMPILATION_MODE = wholemodule;
				SWIFT_OPTIMIZATION_LEVEL = "-O";
				VALIDATE_PRODUCT = YES;
			};
			name = Release;
		};
		371E057B27D1006E00E95E60 /* Debug */ = {
			isa = XCBuildConfiguration;
			buildSettings = {
				ASSETCATALOG_COMPILER_APPICON_NAME = AppIcon;
				ASSETCATALOG_COMPILER_GLOBAL_ACCENT_COLOR_NAME = AccentColor;
				CODE_SIGN_STYLE = Automatic;
				CURRENT_PROJECT_VERSION = 1;
				DEVELOPMENT_TEAM = "";
				GENERATE_INFOPLIST_FILE = YES;
				INFOPLIST_FILE = iosDevelopment_Assignment3/Info.plist;
				INFOPLIST_KEY_CFBundleDisplayName = ReserveSeats;
				INFOPLIST_KEY_NSLocationWhenInUseUsageDescription = NSLocationWhenInUseUsageDescription;
				INFOPLIST_KEY_UIApplicationSupportsIndirectInputEvents = YES;
				INFOPLIST_KEY_UILaunchStoryboardName = LaunchScreen;
				INFOPLIST_KEY_UIMainStoryboardFile = Main;
				INFOPLIST_KEY_UISupportedInterfaceOrientations_iPad = "UIInterfaceOrientationPortrait UIInterfaceOrientationPortraitUpsideDown UIInterfaceOrientationLandscapeLeft UIInterfaceOrientationLandscapeRight";
				INFOPLIST_KEY_UISupportedInterfaceOrientations_iPhone = "UIInterfaceOrientationPortrait UIInterfaceOrientationLandscapeLeft UIInterfaceOrientationLandscapeRight";
				INFOPLIST_KEY_UIUserInterfaceStyle = Light;
				IPHONEOS_DEPLOYMENT_TARGET = 13.0;
				LD_RUNPATH_SEARCH_PATHS = (
					"$(inherited)",
					"@executable_path/Frameworks",
				);
				MARKETING_VERSION = 1.0;
				PRODUCT_BUNDLE_IDENTIFIER = "com.app.iosDevelopment-Assignment3";
				PRODUCT_NAME = "$(TARGET_NAME)";
				SWIFT_EMIT_LOC_STRINGS = YES;
				SWIFT_VERSION = 5.0;
				TARGETED_DEVICE_FAMILY = 1;
			};
			name = Debug;
		};
		371E057C27D1006E00E95E60 /* Release */ = {
			isa = XCBuildConfiguration;
			buildSettings = {
				ASSETCATALOG_COMPILER_APPICON_NAME = AppIcon;
				ASSETCATALOG_COMPILER_GLOBAL_ACCENT_COLOR_NAME = AccentColor;
				CODE_SIGN_STYLE = Automatic;
				CURRENT_PROJECT_VERSION = 1;
				DEVELOPMENT_TEAM = "";
				GENERATE_INFOPLIST_FILE = YES;
				INFOPLIST_FILE = iosDevelopment_Assignment3/Info.plist;
				INFOPLIST_KEY_CFBundleDisplayName = ReserveSeats;
				INFOPLIST_KEY_NSLocationWhenInUseUsageDescription = NSLocationWhenInUseUsageDescription;
				INFOPLIST_KEY_UIApplicationSupportsIndirectInputEvents = YES;
				INFOPLIST_KEY_UILaunchStoryboardName = LaunchScreen;
				INFOPLIST_KEY_UIMainStoryboardFile = Main;
				INFOPLIST_KEY_UISupportedInterfaceOrientations_iPad = "UIInterfaceOrientationPortrait UIInterfaceOrientationPortraitUpsideDown UIInterfaceOrientationLandscapeLeft UIInterfaceOrientationLandscapeRight";
				INFOPLIST_KEY_UISupportedInterfaceOrientations_iPhone = "UIInterfaceOrientationPortrait UIInterfaceOrientationLandscapeLeft UIInterfaceOrientationLandscapeRight";
				INFOPLIST_KEY_UIUserInterfaceStyle = Light;
				IPHONEOS_DEPLOYMENT_TARGET = 13.0;
				LD_RUNPATH_SEARCH_PATHS = (
					"$(inherited)",
					"@executable_path/Frameworks",
				);
				MARKETING_VERSION = 1.0;
				PRODUCT_BUNDLE_IDENTIFIER = "com.app.iosDevelopment-Assignment3";
				PRODUCT_NAME = "$(TARGET_NAME)";
				SWIFT_EMIT_LOC_STRINGS = YES;
				SWIFT_VERSION = 5.0;
				TARGETED_DEVICE_FAMILY = 1;
			};
			name = Release;
		};
		371E057E27D1006E00E95E60 /* Debug */ = {
			isa = XCBuildConfiguration;
			buildSettings = {
				ALWAYS_EMBED_SWIFT_STANDARD_LIBRARIES = YES;
				BUNDLE_LOADER = "$(TEST_HOST)";
				CODE_SIGN_STYLE = Automatic;
				CURRENT_PROJECT_VERSION = 1;
				GENERATE_INFOPLIST_FILE = YES;
				IPHONEOS_DEPLOYMENT_TARGET = 15.2;
				MARKETING_VERSION = 1.0;
				PRODUCT_BUNDLE_IDENTIFIER = com.activity.iosDevelopment_Assignment3.iosDevelopment_Assignment3Tests;
				PRODUCT_NAME = "$(TARGET_NAME)";
				SWIFT_EMIT_LOC_STRINGS = NO;
				SWIFT_VERSION = 5.0;
				TARGETED_DEVICE_FAMILY = "1,2";
				TEST_HOST = "$(BUILT_PRODUCTS_DIR)/iosDevelopment_Assignment3.app/iosDevelopment_Assignment3";
			};
			name = Debug;
		};
		371E057F27D1006E00E95E60 /* Release */ = {
			isa = XCBuildConfiguration;
			buildSettings = {
				ALWAYS_EMBED_SWIFT_STANDARD_LIBRARIES = YES;
				BUNDLE_LOADER = "$(TEST_HOST)";
				CODE_SIGN_STYLE = Automatic;
				CURRENT_PROJECT_VERSION = 1;
				GENERATE_INFOPLIST_FILE = YES;
				IPHONEOS_DEPLOYMENT_TARGET = 15.2;
				MARKETING_VERSION = 1.0;
				PRODUCT_BUNDLE_IDENTIFIER = com.activity.iosDevelopment_Assignment3.iosDevelopment_Assignment3Tests;
				PRODUCT_NAME = "$(TARGET_NAME)";
				SWIFT_EMIT_LOC_STRINGS = NO;
				SWIFT_VERSION = 5.0;
				TARGETED_DEVICE_FAMILY = "1,2";
				TEST_HOST = "$(BUILT_PRODUCTS_DIR)/iosDevelopment_Assignment3.app/iosDevelopment_Assignment3";
			};
			name = Release;
		};
		371E058127D1006E00E95E60 /* Debug */ = {
			isa = XCBuildConfiguration;
			buildSettings = {
				ALWAYS_EMBED_SWIFT_STANDARD_LIBRARIES = YES;
				CODE_SIGN_STYLE = Automatic;
				CURRENT_PROJECT_VERSION = 1;
				GENERATE_INFOPLIST_FILE = YES;
				MARKETING_VERSION = 1.0;
				PRODUCT_BUNDLE_IDENTIFIER = com.activity.iosDevelopment_Assignment3.iosDevelopment_Assignment3UITests;
				PRODUCT_NAME = "$(TARGET_NAME)";
				SWIFT_EMIT_LOC_STRINGS = NO;
				SWIFT_VERSION = 5.0;
				TARGETED_DEVICE_FAMILY = "1,2";
				TEST_TARGET_NAME = iosDevelopment_Assignment3;
			};
			name = Debug;
		};
		371E058227D1006E00E95E60 /* Release */ = {
			isa = XCBuildConfiguration;
			buildSettings = {
				ALWAYS_EMBED_SWIFT_STANDARD_LIBRARIES = YES;
				CODE_SIGN_STYLE = Automatic;
				CURRENT_PROJECT_VERSION = 1;
				GENERATE_INFOPLIST_FILE = YES;
				MARKETING_VERSION = 1.0;
				PRODUCT_BUNDLE_IDENTIFIER = com.activity.iosDevelopment_Assignment3.iosDevelopment_Assignment3UITests;
				PRODUCT_NAME = "$(TARGET_NAME)";
				SWIFT_EMIT_LOC_STRINGS = NO;
				SWIFT_VERSION = 5.0;
				TARGETED_DEVICE_FAMILY = "1,2";
				TEST_TARGET_NAME = iosDevelopment_Assignment3;
			};
			name = Release;
		};
/* End XCBuildConfiguration section */

/* Begin XCConfigurationList section */
		371E054827D1006D00E95E60 /* Build configuration list for PBXProject "iosDevelopment_Assignment3" */ = {
			isa = XCConfigurationList;
			buildConfigurations = (
				371E057827D1006E00E95E60 /* Debug */,
				371E057927D1006E00E95E60 /* Release */,
			);
			defaultConfigurationIsVisible = 0;
			defaultConfigurationName = Release;
		};
		371E057A27D1006E00E95E60 /* Build configuration list for PBXNativeTarget "iosDevelopment_Assignment3" */ = {
			isa = XCConfigurationList;
			buildConfigurations = (
				371E057B27D1006E00E95E60 /* Debug */,
				371E057C27D1006E00E95E60 /* Release */,
			);
			defaultConfigurationIsVisible = 0;
			defaultConfigurationName = Release;
		};
		371E057D27D1006E00E95E60 /* Build configuration list for PBXNativeTarget "iosDevelopment_Assignment3Tests" */ = {
			isa = XCConfigurationList;
			buildConfigurations = (
				371E057E27D1006E00E95E60 /* Debug */,
				371E057F27D1006E00E95E60 /* Release */,
			);
			defaultConfigurationIsVisible = 0;
			defaultConfigurationName = Release;
		};
		371E058027D1006E00E95E60 /* Build configuration list for PBXNativeTarget "iosDevelopment_Assignment3UITests" */ = {
			isa = XCConfigurationList;
			buildConfigurations = (
				371E058127D1006E00E95E60 /* Debug */,
				371E058227D1006E00E95E60 /* Release */,
			);
			defaultConfigurationIsVisible = 0;
			defaultConfigurationName = Release;
		};
/* End XCConfigurationList section */
	};
	rootObject = 371E054527D1006D00E95E60 /* Project object */;
}
